github.com/blang/semver v3.5.1+incompatible/go.mod h1:kRBLl5iJ+tD4TcOOxsy/0fnwebNt5EWlYSAyrTnjyyk=
github.com/pulumi/pulumi-go-provider v0.14.0/go.mod h1:+2ZJDPOzZ97nFH2aJAQrH7zOmMrRWYKuA47LuVWhmIc=
github.com/pulumi/pulumi-go-provider/integration v0.10.0/go.mod h1:qAbKHpPzANFKOyjiQ0CzdgJh4DtM0gtujKhO7+l3/+w=
github.com/pulumi/pulumi/sdk/v3 v3.107.0/go.mod h1:Ml3rpGfyZlI4zQCG7LN2XDSmH4XUNYdyBwJ3yEr/OpI=
github.com/stretchr/testify v1.8.4/go.mod h1:sz/lmYIOXD/1dqDmKjjqLyZ2RngseejIcXlSw2iwfAo=
